
Microsoft Visual Studio Solution File, Format Version 12.00
# Visual Studio Version 17
VisualStudioVersion = 17.4.33403.182
MinimumVisualStudioVersion = 10.0.40219.1
Project("{9A19103F-16F7-4668-BE54-9A1E7A4F7556}") = "twitter.API", "twitter.API\twitter.API.csproj", "{4A6396CD-5804-4FDD-9A61-016702D3E6B0}"
EndProject
Project("{9A19103F-16F7-4668-BE54-9A1E7A4F7556}") = "twitter.Application", "twitter.Application\twitter.Application.csproj", "{9BF29E35-3A6F-4D77-AA25-194AF3749D36}"
EndProject
Project("{FAE04EC0-301F-11D3-BF4B-00C04F79EFBC}") = "twitter.Domain", "twitter.Domain\twitter.Domain.csproj", "{1DD17FDB-21D9-4C2C-BA9C-3DAFCBAE4E63}"
EndProject
Project("{FAE04EC0-301F-11D3-BF4B-00C04F79EFBC}") = "twitter.Infrastructure", "twitter.Infrastructure\twitter.Infrastructure.csproj", "{48D5C8A3-18DE-476D-93B7-28FB9C90722E}"
EndProject
Project("{FAE04EC0-301F-11D3-BF4B-00C04F79EFBC}") = "twitter.Tests", "twitter.Tests\twitter.Tests.csproj", "{93DA9F4D-5D29-4272-9CD1-4F175305DEC4}"
EndProject
Global
	GlobalSection(SolutionConfigurationPlatforms) = preSolution
		Debug|Any CPU = Debug|Any CPU
		Release|Any CPU = Release|Any CPU
	EndGlobalSection
	GlobalSection(ProjectConfigurationPlatforms) = postSolution
		{4A6396CD-5804-4FDD-9A61-016702D3E6B0}.Debug|Any CPU.ActiveCfg = Debug|Any CPU
		{4A6396CD-5804-4FDD-9A61-016702D3E6B0}.Debug|Any CPU.Build.0 = Debug|Any CPU
		{4A6396CD-5804-4FDD-9A61-016702D3E6B0}.Release|Any CPU.ActiveCfg = Release|Any CPU
		{4A6396CD-5804-4FDD-9A61-016702D3E6B0}.Release|Any CPU.Build.0 = Release|Any CPU
		{9BF29E35-3A6F-4D77-AA25-194AF3749D36}.Debug|Any CPU.ActiveCfg = Debug|Any CPU
		{9BF29E35-3A6F-4D77-AA25-194AF3749D36}.Debug|Any CPU.Build.0 = Debug|Any CPU
		{9BF29E35-3A6F-4D77-AA25-194AF3749D36}.Release|Any CPU.ActiveCfg = Release|Any CPU
		{9BF29E35-3A6F-4D77-AA25-194AF3749D36}.Release|Any CPU.Build.0 = Release|Any CPU
		{1DD17FDB-21D9-4C2C-BA9C-3DAFCBAE4E63}.Debug|Any CPU.ActiveCfg = Debug|Any CPU
		{1DD17FDB-21D9-4C2C-BA9C-3DAFCBAE4E63}.Debug|Any CPU.Build.0 = Debug|Any CPU
		{1DD17FDB-21D9-4C2C-BA9C-3DAFCBAE4E63}.Release|Any CPU.ActiveCfg = Release|Any CPU
		{1DD17FDB-21D9-4C2C-BA9C-3DAFCBAE4E63}.Release|Any CPU.Build.0 = Release|Any CPU
		{48D5C8A3-18DE-476D-93B7-28FB9C90722E}.Debug|Any CPU.ActiveCfg = Debug|Any CPU
		{48D5C8A3-18DE-476D-93B7-28FB9C90722E}.Debug|Any CPU.Build.0 = Debug|Any CPU
		{48D5C8A3-18DE-476D-93B7-28FB9C90722E}.Release|Any CPU.ActiveCfg = Release|Any CPU
		{48D5C8A3-18DE-476D-93B7-28FB9C90722E}.Release|Any CPU.Build.0 = Release|Any CPU
		{93DA9F4D-5D29-4272-9CD1-4F175305DEC4}.Debug|Any CPU.ActiveCfg = Debug|Any CPU
		{93DA9F4D-5D29-4272-9CD1-4F175305DEC4}.Debug|Any CPU.Build.0 = Debug|Any CPU
		{93DA9F4D-5D29-4272-9CD1-4F175305DEC4}.Release|Any CPU.ActiveCfg = Release|Any CPU
		{93DA9F4D-5D29-4272-9CD1-4F175305DEC4}.Release|Any CPU.Build.0 = Release|Any CPU
	EndGlobalSection
	GlobalSection(SolutionProperties) = preSolution
		HideSolutionNode = FALSE
	EndGlobalSection
	GlobalSection(ExtensibilityGlobals) = postSolution
		SolutionGuid = {CCB8536E-7504-4DD2-92D0-F9AACF3A61B2}
	EndGlobalSection
EndGlobal
